# THIS IS AN AUTOGENERATED FILE. DO NOT EDIT THIS FILE DIRECTLY.
# yarn lockfile v1


electron-is-dev@^2.0.0:
  version "2.0.0"
  resolved "https://registry.yarnpkg.com/electron-is-dev/-/electron-is-dev-2.0.0.tgz#833487a069b8dad21425c67a19847d9064ab19bd"
  integrity sha512-3X99K852Yoqu9AcW50qz3ibYBWY79/pBhlMCab8ToEWS48R0T9tyxRiQhwylE7zQdXrMnx2JKqUJyMPmt5FBqA==
